
Microsoft Visual Studio Solution File, Format Version 12.00
# Visual Studio Version 17
VisualStudioVersion = 17.3.32929.385
MinimumVisualStudioVersion = 10.0.40219.1
Project("{FAE04EC0-301F-11D3-BF4B-00C04F79EFBC}") = "Tests", "AoCTests\Tests.csproj", "{0CC6FF5E-D720-4703-B343-ADB4D0DE0BD7}"
EndProject
Project("{FAE04EC0-301F-11D3-BF4B-00C04F79EFBC}") = "Puzzles", "Puzzles\Puzzles.csproj", "{F769DBFD-058C-4251-9728-BFAB97EE0D09}"
EndProject
Global
	GlobalSection(SolutionConfigurationPlatforms) = preSolution
		Debug|Any CPU = Debug|Any CPU
		Release|Any CPU = Release|Any CPU
	EndGlobalSection
	GlobalSection(ProjectConfigurationPlatforms) = postSolution
		{0CC6FF5E-D720-4703-B343-ADB4D0DE0BD7}.Debug|Any CPU.ActiveCfg = Debug|Any CPU
		{0CC6FF5E-D720-4703-B343-ADB4D0DE0BD7}.Debug|Any CPU.Build.0 = Debug|Any CPU
		{0CC6FF5E-D720-4703-B343-ADB4D0DE0BD7}.Release|Any CPU.ActiveCfg = Release|Any CPU
		{0CC6FF5E-D720-4703-B343-ADB4D0DE0BD7}.Release|Any CPU.Build.0 = Release|Any CPU
		{F769DBFD-058C-4251-9728-BFAB97EE0D09}.Debug|Any CPU.ActiveCfg = Debug|Any CPU
		{F769DBFD-058C-4251-9728-BFAB97EE0D09}.Debug|Any CPU.Build.0 = Debug|Any CPU
		{F769DBFD-058C-4251-9728-BFAB97EE0D09}.Release|Any CPU.ActiveCfg = Release|Any CPU
		{F769DBFD-058C-4251-9728-BFAB97EE0D09}.Release|Any CPU.Build.0 = Release|Any CPU
	EndGlobalSection
	GlobalSection(SolutionProperties) = preSolution
		HideSolutionNode = FALSE
	EndGlobalSection
	GlobalSection(ExtensibilityGlobals) = postSolution
		SolutionGuid = {DE5966A4-3E15-4748-BFC5-0B488687F711}
	EndGlobalSection
EndGlobal
